lockfileVersion: '6.0'

dependencies:
  chalk:
    specifier: ^5.2.0
    version: 5.2.0
  commander:
    specifier: ^10.0.1
    version: 10.0.1
  sqlite:
    specifier: ^4.1.2
    version: 4.1.2

packages:

  /chalk@5.2.0:
    resolution: {integrity: sha512-ree3Gqw/nazQAPuJJEy+avdl7QfZMcUvmHIKgEZkGL+xOBzRvup5Hxo6LHuMceSxOabuJLJm5Yp/92R9eMmMvA==}
    engines: {node: ^12.17.0 || ^14.13 || >=16.0.0}
    dev: false

  /commander@10.0.1:
    resolution: {integrity: sha512-y4Mg2tXshplEbSGzx7amzPwKKOCGuoSRP/CjEdwwk0FOGlUbq6lKuoyDZTNZkmxHdJtp54hdfY/JUrdL7Xfdug==}
    engines: {node: '>=14'}
    dev: false

  /sqlite@4.1.2:
    resolution: {integrity: sha512-FlBG51gHbux5vPjwnoqFEghNGvnTMTbHyiI09U3qFTQs9AtWuwd4i++6+WCusCXKrVdIDLzfdGekrolr3m4U4A==}
    dev: false
